
Microsoft Visual Studio Solution File, Format Version 12.00
# Visual Studio Version 16
VisualStudioVersion = 16.0.29920.165
MinimumVisualStudioVersion = 10.0.40219.1
Project("{FAE04EC0-301F-11D3-BF4B-00C04F79EFBC}") = "KubernetesSample", "KubernetesSample.csproj", "{66A63F51-2D52-4050-A6B8-3BD69D172D4C}"
EndProject
Global
	GlobalSection(SolutionConfigurationPlatforms) = preSolution
		Debug|Any CPU = Debug|Any CPU
		Release|Any CPU = Release|Any CPU
	EndGlobalSection
	GlobalSection(ProjectConfigurationPlatforms) = postSolution
		{66A63F51-2D52-4050-A6B8-3BD69D172D4C}.Debug|Any CPU.ActiveCfg = Debug|Any CPU
		{66A63F51-2D52-4050-A6B8-3BD69D172D4C}.Debug|Any CPU.Build.0 = Debug|Any CPU
		{66A63F51-2D52-4050-A6B8-3BD69D172D4C}.Release|Any CPU.ActiveCfg = Release|Any CPU
		{66A63F51-2D52-4050-A6B8-3BD69D172D4C}.Release|Any CPU.Build.0 = Release|Any CPU
	EndGlobalSection
	GlobalSection(SolutionProperties) = preSolution
		HideSolutionNode = FALSE
	EndGlobalSection
	GlobalSection(ExtensibilityGlobals) = postSolution
		SolutionGuid = {E842F066-BA3E-41F5-BD9C-70581A3946DD}
	EndGlobalSection
EndGlobal
